
Microsoft Visual Studio Solution File, Format Version 12.00
# Visual Studio 2012
Project("{FAE04EC0-301F-11D3-BF4B-00C04F79EFBC}") = "SilverlightClient", "SilverlightClient\SilverlightClient.csproj", "{48A95DD0-BC47-4A65-91E7-8E4AB64214B9}"
EndProject
Project("{E24C65DC-7377-472B-9ABA-BC803B73C61A}") = "SilverlightClient.Web", "http://localhost:3475", "{261C4B10-8653-4430-A2EE-EA7FDC44F33A}"
	ProjectSection(WebsiteProperties) = preProject
		UseIISExpress = "true"
		TargetFrameworkMoniker = ".NETFramework,Version%3Dv4.0"
		Debug.AspNetCompiler.VirtualPath = "/localhost_3475"
		Debug.AspNetCompiler.PhysicalPath = "SilverlightClient.Web\"
		Debug.AspNetCompiler.TargetPath = "PrecompiledWeb\localhost_3475\"
		Debug.AspNetCompiler.Updateable = "true"
		Debug.AspNetCompiler.ForceOverwrite = "true"
		Debug.AspNetCompiler.FixedNames = "false"
		Debug.AspNetCompiler.Debug = "True"
		Release.AspNetCompiler.VirtualPath = "/localhost_3475"
		Release.AspNetCompiler.PhysicalPath = "SilverlightClient.Web\"
		Release.AspNetCompiler.TargetPath = "PrecompiledWeb\localhost_3475\"
		Release.AspNetCompiler.Updateable = "true"
		Release.AspNetCompiler.ForceOverwrite = "true"
		Release.AspNetCompiler.FixedNames = "false"
		Release.AspNetCompiler.Debug = "False"
		SlnRelativePath = "SilverlightClient.Web\"
		DefaultWebSiteLanguage = "Visual C#"
	EndProjectSection
EndProject
Global
	GlobalSection(SolutionConfigurationPlatforms) = preSolution
		Debug|Any CPU = Debug|Any CPU
		Release|Any CPU = Release|Any CPU
	EndGlobalSection
	GlobalSection(ProjectConfigurationPlatforms) = postSolution
		{48A95DD0-BC47-4A65-91E7-8E4AB64214B9}.Debug|Any CPU.ActiveCfg = Debug|Any CPU
		{48A95DD0-BC47-4A65-91E7-8E4AB64214B9}.Debug|Any CPU.Build.0 = Debug|Any CPU
		{48A95DD0-BC47-4A65-91E7-8E4AB64214B9}.Release|Any CPU.ActiveCfg = Release|Any CPU
		{48A95DD0-BC47-4A65-91E7-8E4AB64214B9}.Release|Any CPU.Build.0 = Release|Any CPU
		{261C4B10-8653-4430-A2EE-EA7FDC44F33A}.Debug|Any CPU.ActiveCfg = Debug|Any CPU
		{261C4B10-8653-4430-A2EE-EA7FDC44F33A}.Debug|Any CPU.Build.0 = Debug|Any CPU
		{261C4B10-8653-4430-A2EE-EA7FDC44F33A}.Release|Any CPU.ActiveCfg = Debug|Any CPU
		{261C4B10-8653-4430-A2EE-EA7FDC44F33A}.Release|Any CPU.Build.0 = Debug|Any CPU
	EndGlobalSection
	GlobalSection(SolutionProperties) = preSolution
		HideSolutionNode = FALSE
	EndGlobalSection
EndGlobal
